{
  "object": {
    "pins": [
      {
        "package": "NnUIKitHelpers",
        "repositoryURL": "https://github.com/nikolainobadi/NnUIKitHelpers.git",
        "state": {
          "branch": "main",
          "revision": "0697de3bc466fb989ad069122ddb75034e1c5485",
          "version": null
        }
      }
    ]
  },
  "version": 1
}
