{
  "object": {
    "pins": [
      {
        "package": "NnUIKitHelpers",
        "repositoryURL": "https://github.com/nikolainobadi/NnUIKitHelpers.git",
        "state": {
          "branch": "main",
          "revision": "c8ee036d6eb566840c69f085a2055895514a8b12",
          "version": null
        }
      }
    ]
  },
  "version": 1
}
