// !$*UTF8*$!
{
	archiveVersion = 1;
	classes = {
	};
	objectVersion = 56;
	objects = {

/* Begin PBXBuildFile section */
		D409818E2964A5AF0023296A /* iOSLoginSampleApp.swift in Sources */ = {isa = PBXBuildFile; fileRef = D409818D2964A5AF0023296A /* iOSLoginSampleApp.swift */; };
		D40981902964A5AF0023296A /* ContentView.swift in Sources */ = {isa = PBXBuildFile; fileRef = D409818F2964A5AF0023296A /* ContentView.swift */; };
		D40981922964A5B00023296A /* Assets.xcassets in Resources */ = {isa = PBXBuildFile; fileRef = D40981912964A5B00023296A /* Assets.xcassets */; };
		D40981952964A5B00023296A /* Preview Assets.xcassets in Resources */ = {isa = PBXBuildFile; fileRef = D40981942964A5B00023296A /* Preview Assets.xcassets */; };
		D409819E2964A5EF0023296A /* NnLoginKit in Frameworks */ = {isa = PBXBuildFile; productRef = D409819D2964A5EF0023296A /* NnLoginKit */; };
		D417D3772966779D00E4D176 /* InAppView.swift in Sources */ = {isa = PBXBuildFile; fileRef = D417D3762966779D00E4D176 /* InAppView.swift */; };
		D417D37D2966784500E4D176 /* LoginComposer.swift in Sources */ = {isa = PBXBuildFile; fileRef = D417D37C2966784500E4D176 /* LoginComposer.swift */; };
		D417D3802966787500E4D176 /* LoginNetworker.swift in Sources */ = {isa = PBXBuildFile; fileRef = D417D37F2966787500E4D176 /* LoginNetworker.swift */; };
		D417D382296679EB00E4D176 /* SharedUserIdStorage.swift in Sources */ = {isa = PBXBuildFile; fileRef = D417D381296679EB00E4D176 /* SharedUserIdStorage.swift */; };
/* End PBXBuildFile section */

/* Begin PBXFileReference section */
		D409818A2964A5AF0023296A /* iOSLoginSample.app */ = {isa = PBXFileReference; explicitFileType = wrapper.application; includeInIndex = 0; path = iOSLoginSample.app; sourceTree = BUILT_PRODUCTS_DIR; };
		D409818D2964A5AF0023296A /* iOSLoginSampleApp.swift */ = {isa = PBXFileReference; lastKnownFileType = sourcecode.swift; path = iOSLoginSampleApp.swift; sourceTree = "<group>"; };
		D409818F2964A5AF0023296A /* ContentView.swift */ = {isa = PBXFileReference; lastKnownFileType = sourcecode.swift; path = ContentView.swift; sourceTree = "<group>"; };
		D40981912964A5B00023296A /* Assets.xcassets */ = {isa = PBXFileReference; lastKnownFileType = folder.assetcatalog; path = Assets.xcassets; sourceTree = "<group>"; };
		D40981942964A5B00023296A /* Preview Assets.xcassets */ = {isa = PBXFileReference; lastKnownFileType = folder.assetcatalog; path = "Preview Assets.xcassets"; sourceTree = "<group>"; };
		D409819B2964A5CC0023296A /* NnLoginKit */ = {isa = PBXFileReference; lastKnownFileType = wrapper; name = NnLoginKit; path = ..; sourceTree = "<group>"; };
		D417D3762966779D00E4D176 /* InAppView.swift */ = {isa = PBXFileReference; lastKnownFileType = sourcecode.swift; path = InAppView.swift; sourceTree = "<group>"; };
		D417D37C2966784500E4D176 /* LoginComposer.swift */ = {isa = PBXFileReference; lastKnownFileType = sourcecode.swift; path = LoginComposer.swift; sourceTree = "<group>"; };
		D417D37F2966787500E4D176 /* LoginNetworker.swift */ = {isa = PBXFileReference; lastKnownFileType = sourcecode.swift; path = LoginNetworker.swift; sourceTree = "<group>"; };
		D417D381296679EB00E4D176 /* SharedUserIdStorage.swift */ = {isa = PBXFileReference; lastKnownFileType = sourcecode.swift; path = SharedUserIdStorage.swift; sourceTree = "<group>"; };
/* End PBXFileReference section */

/* Begin PBXFrameworksBuildPhase section */
		D40981872964A5AF0023296A /* Frameworks */ = {
			isa = PBXFrameworksBuildPhase;
			buildActionMask = 2147483647;
			files = (
				D409819E2964A5EF0023296A /* NnLoginKit in Frameworks */,
			);
			runOnlyForDeploymentPostprocessing = 0;
		};
/* End PBXFrameworksBuildPhase section */

/* Begin PBXGroup section */
		D40981812964A5AF0023296A = {
			isa = PBXGroup;
			children = (
				D409819B2964A5CC0023296A /* NnLoginKit */,
				D409818C2964A5AF0023296A /* iOSLoginSample */,
				D409818B2964A5AF0023296A /* Products */,
				D409819C2964A5EF0023296A /* Frameworks */,
			);
			sourceTree = "<group>";
		};
		D409818B2964A5AF0023296A /* Products */ = {
			isa = PBXGroup;
			children = (
				D409818A2964A5AF0023296A /* iOSLoginSample.app */,
			);
			name = Products;
			sourceTree = "<group>";
		};
		D409818C2964A5AF0023296A /* iOSLoginSample */ = {
			isa = PBXGroup;
			children = (
				D417D37B2966784000E4D176 /* Main */,
				D417D3752966778E00E4D176 /* UI */,
				D417D37E2966786C00E4D176 /* Remote */,
				D417D3782966782100E4D176 /* Storage */,
				D40981912964A5B00023296A /* Assets.xcassets */,
				D40981932964A5B00023296A /* Preview Content */,
			);
			path = iOSLoginSample;
			sourceTree = "<group>";
		};
		D40981932964A5B00023296A /* Preview Content */ = {
			isa = PBXGroup;
			children = (
				D40981942964A5B00023296A /* Preview Assets.xcassets */,
			);
			path = "Preview Content";
			sourceTree = "<group>";
		};
		D409819C2964A5EF0023296A /* Frameworks */ = {
			isa = PBXGroup;
			children = (
			);
			name = Frameworks;
			sourceTree = "<group>";
		};
		D417D3752966778E00E4D176 /* UI */ = {
			isa = PBXGroup;
			children = (
				D409818F2964A5AF0023296A /* ContentView.swift */,
				D417D3762966779D00E4D176 /* InAppView.swift */,
			);
			path = UI;
			sourceTree = "<group>";
		};
		D417D3782966782100E4D176 /* Storage */ = {
			isa = PBXGroup;
			children = (
				D417D381296679EB00E4D176 /* SharedUserIdStorage.swift */,
			);
			path = Storage;
			sourceTree = "<group>";
		};
		D417D37B2966784000E4D176 /* Main */ = {
			isa = PBXGroup;
			children = (
				D409818D2964A5AF0023296A /* iOSLoginSampleApp.swift */,
				D417D37C2966784500E4D176 /* LoginComposer.swift */,
			);
			path = Main;
			sourceTree = "<group>";
		};
		D417D37E2966786C00E4D176 /* Remote */ = {
			isa = PBXGroup;
			children = (
				D417D37F2966787500E4D176 /* LoginNetworker.swift */,
			);
			path = Remote;
			sourceTree = "<group>";
		};
/* End PBXGroup section */

/* Begin PBXNativeTarget section */
		D40981892964A5AF0023296A /* iOSLoginSample */ = {
			isa = PBXNativeTarget;
			buildConfigurationList = D40981982964A5B00023296A /* Build configuration list for PBXNativeTarget "iOSLoginSample" */;
			buildPhases = (
				D40981862964A5AF0023296A /* Sources */,
				D40981872964A5AF0023296A /* Frameworks */,
				D40981882964A5AF0023296A /* Resources */,
			);
			buildRules = (
			);
			dependencies = (
			);
			name = iOSLoginSample;
			packageProductDependencies = (
				D409819D2964A5EF0023296A /* NnLoginKit */,
			);
			productName = iOSLoginSample;
			productReference = D409818A2964A5AF0023296A /* iOSLoginSample.app */;
			productType = "com.apple.product-type.application";
		};
/* End PBXNativeTarget section */

/* Begin PBXProject section */
		D40981822964A5AF0023296A /* Project object */ = {
			isa = PBXProject;
			attributes = {
				BuildIndependentTargetsInParallel = 1;
				LastSwiftUpdateCheck = 1420;
				LastUpgradeCheck = 1420;
				TargetAttributes = {
					D40981892964A5AF0023296A = {
						CreatedOnToolsVersion = 14.2;
					};
				};
			};
			buildConfigurationList = D40981852964A5AF0023296A /* Build configuration list for PBXProject "iOSLoginSample" */;
			compatibilityVersion = "Xcode 14.0";
			developmentRegion = en;
			hasScannedForEncodings = 0;
			knownRegions = (
				en,
				Base,
			);
			mainGroup = D40981812964A5AF0023296A;
			productRefGroup = D409818B2964A5AF0023296A /* Products */;
			projectDirPath = "";
			projectRoot = "";
			targets = (
				D40981892964A5AF0023296A /* iOSLoginSample */,
			);
		};
/* End PBXProject section */

/* Begin PBXResourcesBuildPhase section */
		D40981882964A5AF0023296A /* Resources */ = {
			isa = PBXResourcesBuildPhase;
			buildActionMask = 2147483647;
			files = (
				D40981952964A5B00023296A /* Preview Assets.xcassets in Resources */,
				D40981922964A5B00023296A /* Assets.xcassets in Resources */,
			);
			runOnlyForDeploymentPostprocessing = 0;
		};
/* End PBXResourcesBuildPhase section */

/* Begin PBXSourcesBuildPhase section */
		D40981862964A5AF0023296A /* Sources */ = {
			isa = PBXSourcesBuildPhase;
			buildActionMask = 2147483647;
			files = (
				D40981902964A5AF0023296A /* ContentView.swift in Sources */,
				D417D3772966779D00E4D176 /* InAppView.swift in Sources */,
				D409818E2964A5AF0023296A /* iOSLoginSampleApp.swift in Sources */,
				D417D3802966787500E4D176 /* LoginNetworker.swift in Sources */,
				D417D382296679EB00E4D176 /* SharedUserIdStorage.swift in Sources */,
				D417D37D2966784500E4D176 /* LoginComposer.swift in Sources */,
			);
			runOnlyForDeploymentPostprocessing = 0;
		};
/* End PBXSourcesBuildPhase section */

/* Begin XCBuildConfiguration section */
		D40981962964A5B00023296A /* Debug */ = {
			isa = XCBuildConfiguration;
			buildSettings = {
				ALWAYS_SEARCH_USER_PATHS = NO;
				CLANG_ANALYZER_NONNULL = YES;
				CLANG_ANALYZER_NUMBER_OBJECT_CONVERSION = YES_AGGRESSIVE;
				CLANG_CXX_LANGUAGE_STANDARD = "gnu++20";
				CLANG_ENABLE_MODULES = YES;
				CLANG_ENABLE_OBJC_ARC = YES;
				CLANG_ENABLE_OBJC_WEAK = YES;
				CLANG_WARN_BLOCK_CAPTURE_AUTORELEASING = YES;
				CLANG_WARN_BOOL_CONVERSION = YES;
				CLANG_WARN_COMMA = YES;
				CLANG_WARN_CONSTANT_CONVERSION = YES;
				CLANG_WARN_DEPRECATED_OBJC_IMPLEMENTATIONS = YES;
				CLANG_WARN_DIRECT_OBJC_ISA_USAGE = YES_ERROR;
				CLANG_WARN_DOCUMENTATION_COMMENTS = YES;
				CLANG_WARN_EMPTY_BODY = YES;
				CLANG_WARN_ENUM_CONVERSION = YES;
				CLANG_WARN_INFINITE_RECURSION = YES;
				CLANG_WARN_INT_CONVERSION = YES;
				CLANG_WARN_NON_LITERAL_NULL_CONVERSION = YES;
				CLANG_WARN_OBJC_IMPLICIT_RETAIN_SELF = YES;
				CLANG_WARN_OBJC_LITERAL_CONVERSION = YES;
				CLANG_WARN_OBJC_ROOT_CLASS = YES_ERROR;
				CLANG_WARN_QUOTED_INCLUDE_IN_FRAMEWORK_HEADER = YES;
				CLANG_WARN_RANGE_LOOP_ANALYSIS = YES;
				CLANG_WARN_STRICT_PROTOTYPES = YES;
				CLANG_WARN_SUSPICIOUS_MOVE = YES;
				CLANG_WARN_UNGUARDED_AVAILABILITY = YES_AGGRESSIVE;
				CLANG_WARN_UNREACHABLE_CODE = YES;
				CLANG_WARN__DUPLICATE_METHOD_MATCH = YES;
				COPY_PHASE_STRIP = NO;
				DEBUG_INFORMATION_FORMAT = dwarf;
				ENABLE_STRICT_OBJC_MSGSEND = YES;
				ENABLE_TESTABILITY = YES;
				GCC_C_LANGUAGE_STANDARD = gnu11;
				GCC_DYNAMIC_NO_PIC = NO;
				GCC_NO_COMMON_BLOCKS = YES;
				GCC_OPTIMIZATION_LEVEL = 0;
				GCC_PREPROCESSOR_DEFINITIONS = (
					"DEBUG=1",
					"$(inherited)",
				);
				GCC_WARN_64_TO_32_BIT_CONVERSION = YES;
				GCC_WARN_ABOUT_RETURN_TYPE = YES_ERROR;
				GCC_WARN_UNDECLARED_SELECTOR = YES;
				GCC_WARN_UNINITIALIZED_AUTOS = YES_AGGRESSIVE;
				GCC_WARN_UNUSED_FUNCTION = YES;
				GCC_WARN_UNUSED_VARIABLE = YES;
				IPHONEOS_DEPLOYMENT_TARGET = 16.2;
				MTL_ENABLE_DEBUG_INFO = INCLUDE_SOURCE;
				MTL_FAST_MATH = YES;
				ONLY_ACTIVE_ARCH = YES;
				SDKROOT = iphoneos;
				SWIFT_ACTIVE_COMPILATION_CONDITIONS = DEBUG;
				SWIFT_OPTIMIZATION_LEVEL = "-Onone";
			};
			name = Debug;
		};
		D40981972964A5B00023296A /* Release */ = {
			isa = XCBuildConfiguration;
			buildSettings = {
				ALWAYS_SEARCH_USER_PATHS = NO;
				CLANG_ANALYZER_NONNULL = YES;
				CLANG_ANALYZER_NUMBER_OBJECT_CONVERSION = YES_AGGRESSIVE;
				CLANG_CXX_LANGUAGE_STANDARD = "gnu++20";
				CLANG_ENABLE_MODULES = YES;
				CLANG_ENABLE_OBJC_ARC = YES;
				CLANG_ENABLE_OBJC_WEAK = YES;
				CLANG_WARN_BLOCK_CAPTURE_AUTORELEASING = YES;
				CLANG_WARN_BOOL_CONVERSION = YES;
				CLANG_WARN_COMMA = YES;
				CLANG_WARN_CONSTANT_CONVERSION = YES;
				CLANG_WARN_DEPRECATED_OBJC_IMPLEMENTATIONS = YES;
				CLANG_WARN_DIRECT_OBJC_ISA_USAGE = YES_ERROR;
				CLANG_WARN_DOCUMENTATION_COMMENTS = YES;
				CLANG_WARN_EMPTY_BODY = YES;
				CLANG_WARN_ENUM_CONVERSION = YES;
				CLANG_WARN_INFINITE_RECURSION = YES;
				CLANG_WARN_INT_CONVERSION = YES;
				CLANG_WARN_NON_LITERAL_NULL_CONVERSION = YES;
				CLANG_WARN_OBJC_IMPLICIT_RETAIN_SELF = YES;
				CLANG_WARN_OBJC_LITERAL_CONVERSION = YES;
				CLANG_WARN_OBJC_ROOT_CLASS = YES_ERROR;
				CLANG_WARN_QUOTED_INCLUDE_IN_FRAMEWORK_HEADER = YES;
				CLANG_WARN_RANGE_LOOP_ANALYSIS = YES;
				CLANG_WARN_STRICT_PROTOTYPES = YES;
				CLANG_WARN_SUSPICIOUS_MOVE = YES;
				CLANG_WARN_UNGUARDED_AVAILABILITY = YES_AGGRESSIVE;
				CLANG_WARN_UNREACHABLE_CODE = YES;
				CLANG_WARN__DUPLICATE_METHOD_MATCH = YES;
				COPY_PHASE_STRIP = NO;
				DEBUG_INFORMATION_FORMAT = "dwarf-with-dsym";
				ENABLE_NS_ASSERTIONS = NO;
				ENABLE_STRICT_OBJC_MSGSEND = YES;
				GCC_C_LANGUAGE_STANDARD = gnu11;
				GCC_NO_COMMON_BLOCKS = YES;
				GCC_WARN_64_TO_32_BIT_CONVERSION = YES;
				GCC_WARN_ABOUT_RETURN_TYPE = YES_ERROR;
				GCC_WARN_UNDECLARED_SELECTOR = YES;
				GCC_WARN_UNINITIALIZED_AUTOS = YES_AGGRESSIVE;
				GCC_WARN_UNUSED_FUNCTION = YES;
				GCC_WARN_UNUSED_VARIABLE = YES;
				IPHONEOS_DEPLOYMENT_TARGET = 16.2;
				MTL_ENABLE_DEBUG_INFO = NO;
				MTL_FAST_MATH = YES;
				SDKROOT = iphoneos;
				SWIFT_COMPILATION_MODE = wholemodule;
				SWIFT_OPTIMIZATION_LEVEL = "-O";
				VALIDATE_PRODUCT = YES;
			};
			name = Release;
		};
		D40981992964A5B00023296A /* Debug */ = {
			isa = XCBuildConfiguration;
			buildSettings = {
				ASSETCATALOG_COMPILER_APPICON_NAME = AppIcon;
				ASSETCATALOG_COMPILER_GLOBAL_ACCENT_COLOR_NAME = AccentColor;
				CODE_SIGN_STYLE = Automatic;
				CURRENT_PROJECT_VERSION = 1;
				DEVELOPMENT_ASSET_PATHS = "\"iOSLoginSample/Preview Content\"";
				DEVELOPMENT_TEAM = R8SJ24LQF3;
				ENABLE_PREVIEWS = YES;
				GENERATE_INFOPLIST_FILE = YES;
				INFOPLIST_KEY_UIApplicationSceneManifest_Generation = YES;
				INFOPLIST_KEY_UIApplicationSupportsIndirectInputEvents = YES;
				INFOPLIST_KEY_UILaunchScreen_Generation = YES;
				INFOPLIST_KEY_UISupportedInterfaceOrientations_iPad = "UIInterfaceOrientationPortrait UIInterfaceOrientationPortraitUpsideDown UIInterfaceOrientationLandscapeLeft UIInterfaceOrientationLandscapeRight";
				INFOPLIST_KEY_UISupportedInterfaceOrientations_iPhone = "UIInterfaceOrientationPortrait UIInterfaceOrientationLandscapeLeft UIInterfaceOrientationLandscapeRight";
				LD_RUNPATH_SEARCH_PATHS = (
					"$(inherited)",
					"@executable_path/Frameworks",
				);
				MARKETING_VERSION = 1.0;
				PRODUCT_BUNDLE_IDENTIFIER = com.nobadi.iOSLoginSample;
				PRODUCT_NAME = "$(TARGET_NAME)";
				SWIFT_EMIT_LOC_STRINGS = YES;
				SWIFT_VERSION = 5.0;
				TARGETED_DEVICE_FAMILY = "1,2";
			};
			name = Debug;
		};
		D409819A2964A5B00023296A /* Release */ = {
			isa = XCBuildConfiguration;
			buildSettings = {
				ASSETCATALOG_COMPILER_APPICON_NAME = AppIcon;
				ASSETCATALOG_COMPILER_GLOBAL_ACCENT_COLOR_NAME = AccentColor;
				CODE_SIGN_STYLE = Automatic;
				CURRENT_PROJECT_VERSION = 1;
				DEVELOPMENT_ASSET_PATHS = "\"iOSLoginSample/Preview Content\"";
				DEVELOPMENT_TEAM = R8SJ24LQF3;
				ENABLE_PREVIEWS = YES;
				GENERATE_INFOPLIST_FILE = YES;
				INFOPLIST_KEY_UIApplicationSceneManifest_Generation = YES;
				INFOPLIST_KEY_UIApplicationSupportsIndirectInputEvents = YES;
				INFOPLIST_KEY_UILaunchScreen_Generation = YES;
				INFOPLIST_KEY_UISupportedInterfaceOrientations_iPad = "UIInterfaceOrientationPortrait UIInterfaceOrientationPortraitUpsideDown UIInterfaceOrientationLandscapeLeft UIInterfaceOrientationLandscapeRight";
				INFOPLIST_KEY_UISupportedInterfaceOrientations_iPhone = "UIInterfaceOrientationPortrait UIInterfaceOrientationLandscapeLeft UIInterfaceOrientationLandscapeRight";
				LD_RUNPATH_SEARCH_PATHS = (
					"$(inherited)",
					"@executable_path/Frameworks",
				);
				MARKETING_VERSION = 1.0;
				PRODUCT_BUNDLE_IDENTIFIER = com.nobadi.iOSLoginSample;
				PRODUCT_NAME = "$(TARGET_NAME)";
				SWIFT_EMIT_LOC_STRINGS = YES;
				SWIFT_VERSION = 5.0;
				TARGETED_DEVICE_FAMILY = "1,2";
			};
			name = Release;
		};
/* End XCBuildConfiguration section */

/* Begin XCConfigurationList section */
		D40981852964A5AF0023296A /* Build configuration list for PBXProject "iOSLoginSample" */ = {
			isa = XCConfigurationList;
			buildConfigurations = (
				D40981962964A5B00023296A /* Debug */,
				D40981972964A5B00023296A /* Release */,
			);
			defaultConfigurationIsVisible = 0;
			defaultConfigurationName = Release;
		};
		D40981982964A5B00023296A /* Build configuration list for PBXNativeTarget "iOSLoginSample" */ = {
			isa = XCConfigurationList;
			buildConfigurations = (
				D40981992964A5B00023296A /* Debug */,
				D409819A2964A5B00023296A /* Release */,
			);
			defaultConfigurationIsVisible = 0;
			defaultConfigurationName = Release;
		};
/* End XCConfigurationList section */

/* Begin XCSwiftPackageProductDependency section */
		D409819D2964A5EF0023296A /* NnLoginKit */ = {
			isa = XCSwiftPackageProductDependency;
			productName = NnLoginKit;
		};
/* End XCSwiftPackageProductDependency section */
	};
	rootObject = D40981822964A5AF0023296A /* Project object */;
}
